
Microsoft Visual Studio Solution File, Format Version 12.00
# Visual Studio Version 17
VisualStudioVersion = 17.9.34728.123
MinimumVisualStudioVersion = 10.0.40219.1
Project("{FAE04EC0-301F-11D3-BF4B-00C04F79EFBC}") = "Контр", "Контр\Контр.csproj", "{A60254DD-D59B-474E-AF20-9BC9B33F4202}"
EndProject
Global
	GlobalSection(SolutionConfigurationPlatforms) = preSolution
		Debug|Any CPU = Debug|Any CPU
		Release|Any CPU = Release|Any CPU
	EndGlobalSection
	GlobalSection(ProjectConfigurationPlatforms) = postSolution
		{A60254DD-D59B-474E-AF20-9BC9B33F4202}.Debug|Any CPU.ActiveCfg = Debug|Any CPU
		{A60254DD-D59B-474E-AF20-9BC9B33F4202}.Debug|Any CPU.Build.0 = Debug|Any CPU
		{A60254DD-D59B-474E-AF20-9BC9B33F4202}.Release|Any CPU.ActiveCfg = Release|Any CPU
		{A60254DD-D59B-474E-AF20-9BC9B33F4202}.Release|Any CPU.Build.0 = Release|Any CPU
	EndGlobalSection
	GlobalSection(SolutionProperties) = preSolution
		HideSolutionNode = FALSE
	EndGlobalSection
	GlobalSection(ExtensibilityGlobals) = postSolution
		SolutionGuid = {D2C1EE13-EB75-4585-A5B7-87DCD63F9A97}
	EndGlobalSection
EndGlobal
